
Microsoft Visual Studio Solution File, Format Version 12.00
# Visual Studio 15
VisualStudioVersion = 15.0.27130.2036
MinimumVisualStudioVersion = 10.0.40219.1
Project("{FAE04EC0-301F-11D3-BF4B-00C04F79EFBC}") = "Coladera_Eratostenes", "Coladera_Eratostenes\Coladera_Eratostenes.csproj", "{BE6DC211-B79D-47F3-8533-A707DE5024E6}"
EndProject
Global
	GlobalSection(SolutionConfigurationPlatforms) = preSolution
		Debug|Any CPU = Debug|Any CPU
		Release|Any CPU = Release|Any CPU
	EndGlobalSection
	GlobalSection(ProjectConfigurationPlatforms) = postSolution
		{BE6DC211-B79D-47F3-8533-A707DE5024E6}.Debug|Any CPU.ActiveCfg = Debug|Any CPU
		{BE6DC211-B79D-47F3-8533-A707DE5024E6}.Debug|Any CPU.Build.0 = Debug|Any CPU
		{BE6DC211-B79D-47F3-8533-A707DE5024E6}.Release|Any CPU.ActiveCfg = Release|Any CPU
		{BE6DC211-B79D-47F3-8533-A707DE5024E6}.Release|Any CPU.Build.0 = Release|Any CPU
	EndGlobalSection
	GlobalSection(SolutionProperties) = preSolution
		HideSolutionNode = FALSE
	EndGlobalSection
	GlobalSection(ExtensibilityGlobals) = postSolution
		SolutionGuid = {8D78E923-1B6C-45B8-A4E3-2F9B01B6A059}
	EndGlobalSection
EndGlobal
